
Microsoft Visual Studio Solution File, Format Version 12.00
# Visual Studio 15
VisualStudioVersion = 15.0.27703.2035
MinimumVisualStudioVersion = 10.0.40219.1
Project("{9A19103F-16F7-4668-BE54-9A1E7A4F7556}") = "Repository", "Repository\Repository.csproj", "{D968DD19-3CF7-400E-BE0D-65816A7D81B6}"
EndProject
Project("{9A19103F-16F7-4668-BE54-9A1E7A4F7556}") = "Repository.Test", "Repository.Test\Repository.Test.csproj", "{94C4938C-3665-4254-85CE-AF4BD0BF28B8}"
EndProject
Project("{9A19103F-16F7-4668-BE54-9A1E7A4F7556}") = "DbContexts", "DbContexts\DbContexts.csproj", "{217DA4C7-B38A-4C0A-993E-B903F97EF05D}"
EndProject
Project("{9A19103F-16F7-4668-BE54-9A1E7A4F7556}") = "Models", "Models\Models.csproj", "{0224D72A-9751-482F-82C9-4408787FBB60}"
EndProject
Project("{9A19103F-16F7-4668-BE54-9A1E7A4F7556}") = "File", "File\File.csproj", "{26E4AF3D-1674-4CF8-9908-6A933D71BF5E}"
EndProject
Project("{9A19103F-16F7-4668-BE54-9A1E7A4F7556}") = "Google", "Google\Google.csproj", "{29E769BA-155E-4292-AC8D-2DCD49015F97}"
EndProject
Project("{9A19103F-16F7-4668-BE54-9A1E7A4F7556}") = "Services", "Services\Services.csproj", "{DE96E0EF-A3C0-4DEE-B098-E380710AD933}"
EndProject
Project("{9A19103F-16F7-4668-BE54-9A1E7A4F7556}") = "Share", "Share\Share.csproj", "{2858FEF2-1CB3-4071-8107-99D1152CE219}"
EndProject
Project("{9A19103F-16F7-4668-BE54-9A1E7A4F7556}") = "File.Test", "File.Test\File.Test.csproj", "{B08B4F4F-4E2D-4B10-98E5-74F51A74A0E5}"
EndProject
Project("{9A19103F-16F7-4668-BE54-9A1E7A4F7556}") = "Google.Test", "Google.Test\Google.Test.csproj", "{B8B0F761-3776-48D4-9AE8-D52D25C01150}"
EndProject
Project("{9A19103F-16F7-4668-BE54-9A1E7A4F7556}") = "Ad.Test", "Ad.Test\Ad.Test.csproj", "{5DE829F7-247A-4BFD-86CB-75D80CA6486F}"
EndProject
Project("{9A19103F-16F7-4668-BE54-9A1E7A4F7556}") = "Ad", "Ad\Ad.csproj", "{E664C3A4-94DE-4BC5-90AC-347CB6FCFC8F}"
EndProject
Project("{9A19103F-16F7-4668-BE54-9A1E7A4F7556}") = "Article", "Article\Article.csproj", "{E7428A5F-5290-4877-86D5-25EEDF49E50B}"
EndProject
Project("{9A19103F-16F7-4668-BE54-9A1E7A4F7556}") = "Config", "Config\Config.csproj", "{933830B8-141F-489F-BE22-898939DE5C0F}"
EndProject
Project("{2150E333-8FDC-42A3-9474-1A3956D46DE8}") = "HelpFiles", "HelpFiles", "{044BB58B-D61F-461B-A29C-4B2C319571D4}"
	ProjectSection(SolutionItems) = preProject
		HelpFiles\AsyncCodes.txt = HelpFiles\AsyncCodes.txt
		HelpFiles\FutureImplementations.txt = HelpFiles\FutureImplementations.txt
	EndProjectSection
EndProject
Project("{FAE04EC0-301F-11D3-BF4B-00C04F79EFBC}") = "Share.Test", "Share.Test\Share.Test.csproj", "{0DE039C7-C616-452B-B5FD-649324EDEE99}"
EndProject
Project("{FAE04EC0-301F-11D3-BF4B-00C04F79EFBC}") = "Services.Test", "Services.Test\Services.Test.csproj", "{08021377-2196-496E-BCD8-1AD28711BDF6}"
EndProject
Global
	GlobalSection(SolutionConfigurationPlatforms) = preSolution
		Debug|Any CPU = Debug|Any CPU
		Release|Any CPU = Release|Any CPU
	EndGlobalSection
	GlobalSection(ProjectConfigurationPlatforms) = postSolution
		{D968DD19-3CF7-400E-BE0D-65816A7D81B6}.Debug|Any CPU.ActiveCfg = Debug|Any CPU
		{D968DD19-3CF7-400E-BE0D-65816A7D81B6}.Debug|Any CPU.Build.0 = Debug|Any CPU
		{D968DD19-3CF7-400E-BE0D-65816A7D81B6}.Release|Any CPU.ActiveCfg = Release|Any CPU
		{D968DD19-3CF7-400E-BE0D-65816A7D81B6}.Release|Any CPU.Build.0 = Release|Any CPU
		{94C4938C-3665-4254-85CE-AF4BD0BF28B8}.Debug|Any CPU.ActiveCfg = Debug|Any CPU
		{94C4938C-3665-4254-85CE-AF4BD0BF28B8}.Debug|Any CPU.Build.0 = Debug|Any CPU
		{94C4938C-3665-4254-85CE-AF4BD0BF28B8}.Release|Any CPU.ActiveCfg = Release|Any CPU
		{94C4938C-3665-4254-85CE-AF4BD0BF28B8}.Release|Any CPU.Build.0 = Release|Any CPU
		{217DA4C7-B38A-4C0A-993E-B903F97EF05D}.Debug|Any CPU.ActiveCfg = Debug|Any CPU
		{217DA4C7-B38A-4C0A-993E-B903F97EF05D}.Debug|Any CPU.Build.0 = Debug|Any CPU
		{217DA4C7-B38A-4C0A-993E-B903F97EF05D}.Release|Any CPU.ActiveCfg = Release|Any CPU
		{217DA4C7-B38A-4C0A-993E-B903F97EF05D}.Release|Any CPU.Build.0 = Release|Any CPU
		{0224D72A-9751-482F-82C9-4408787FBB60}.Debug|Any CPU.ActiveCfg = Debug|Any CPU
		{0224D72A-9751-482F-82C9-4408787FBB60}.Debug|Any CPU.Build.0 = Debug|Any CPU
		{0224D72A-9751-482F-82C9-4408787FBB60}.Release|Any CPU.ActiveCfg = Release|Any CPU
		{0224D72A-9751-482F-82C9-4408787FBB60}.Release|Any CPU.Build.0 = Release|Any CPU
		{26E4AF3D-1674-4CF8-9908-6A933D71BF5E}.Debug|Any CPU.ActiveCfg = Debug|Any CPU
		{26E4AF3D-1674-4CF8-9908-6A933D71BF5E}.Debug|Any CPU.Build.0 = Debug|Any CPU
		{26E4AF3D-1674-4CF8-9908-6A933D71BF5E}.Release|Any CPU.ActiveCfg = Release|Any CPU
		{26E4AF3D-1674-4CF8-9908-6A933D71BF5E}.Release|Any CPU.Build.0 = Release|Any CPU
		{29E769BA-155E-4292-AC8D-2DCD49015F97}.Debug|Any CPU.ActiveCfg = Debug|Any CPU
		{29E769BA-155E-4292-AC8D-2DCD49015F97}.Debug|Any CPU.Build.0 = Debug|Any CPU
		{29E769BA-155E-4292-AC8D-2DCD49015F97}.Release|Any CPU.ActiveCfg = Release|Any CPU
		{29E769BA-155E-4292-AC8D-2DCD49015F97}.Release|Any CPU.Build.0 = Release|Any CPU
		{DE96E0EF-A3C0-4DEE-B098-E380710AD933}.Debug|Any CPU.ActiveCfg = Debug|Any CPU
		{DE96E0EF-A3C0-4DEE-B098-E380710AD933}.Debug|Any CPU.Build.0 = Debug|Any CPU
		{DE96E0EF-A3C0-4DEE-B098-E380710AD933}.Release|Any CPU.ActiveCfg = Release|Any CPU
		{DE96E0EF-A3C0-4DEE-B098-E380710AD933}.Release|Any CPU.Build.0 = Release|Any CPU
		{2858FEF2-1CB3-4071-8107-99D1152CE219}.Debug|Any CPU.ActiveCfg = Debug|Any CPU
		{2858FEF2-1CB3-4071-8107-99D1152CE219}.Debug|Any CPU.Build.0 = Debug|Any CPU
		{2858FEF2-1CB3-4071-8107-99D1152CE219}.Release|Any CPU.ActiveCfg = Release|Any CPU
		{2858FEF2-1CB3-4071-8107-99D1152CE219}.Release|Any CPU.Build.0 = Release|Any CPU
		{B08B4F4F-4E2D-4B10-98E5-74F51A74A0E5}.Debug|Any CPU.ActiveCfg = Debug|Any CPU
		{B08B4F4F-4E2D-4B10-98E5-74F51A74A0E5}.Debug|Any CPU.Build.0 = Debug|Any CPU
		{B08B4F4F-4E2D-4B10-98E5-74F51A74A0E5}.Release|Any CPU.ActiveCfg = Release|Any CPU
		{B08B4F4F-4E2D-4B10-98E5-74F51A74A0E5}.Release|Any CPU.Build.0 = Release|Any CPU
		{B8B0F761-3776-48D4-9AE8-D52D25C01150}.Debug|Any CPU.ActiveCfg = Debug|Any CPU
		{B8B0F761-3776-48D4-9AE8-D52D25C01150}.Debug|Any CPU.Build.0 = Debug|Any CPU
		{B8B0F761-3776-48D4-9AE8-D52D25C01150}.Release|Any CPU.ActiveCfg = Release|Any CPU
		{B8B0F761-3776-48D4-9AE8-D52D25C01150}.Release|Any CPU.Build.0 = Release|Any CPU
		{5DE829F7-247A-4BFD-86CB-75D80CA6486F}.Debug|Any CPU.ActiveCfg = Debug|Any CPU
		{5DE829F7-247A-4BFD-86CB-75D80CA6486F}.Debug|Any CPU.Build.0 = Debug|Any CPU
		{5DE829F7-247A-4BFD-86CB-75D80CA6486F}.Release|Any CPU.ActiveCfg = Release|Any CPU
		{5DE829F7-247A-4BFD-86CB-75D80CA6486F}.Release|Any CPU.Build.0 = Release|Any CPU
		{E664C3A4-94DE-4BC5-90AC-347CB6FCFC8F}.Debug|Any CPU.ActiveCfg = Debug|Any CPU
		{E664C3A4-94DE-4BC5-90AC-347CB6FCFC8F}.Debug|Any CPU.Build.0 = Debug|Any CPU
		{E664C3A4-94DE-4BC5-90AC-347CB6FCFC8F}.Release|Any CPU.ActiveCfg = Release|Any CPU
		{E664C3A4-94DE-4BC5-90AC-347CB6FCFC8F}.Release|Any CPU.Build.0 = Release|Any CPU
		{E7428A5F-5290-4877-86D5-25EEDF49E50B}.Debug|Any CPU.ActiveCfg = Debug|Any CPU
		{E7428A5F-5290-4877-86D5-25EEDF49E50B}.Debug|Any CPU.Build.0 = Debug|Any CPU
		{E7428A5F-5290-4877-86D5-25EEDF49E50B}.Release|Any CPU.ActiveCfg = Release|Any CPU
		{E7428A5F-5290-4877-86D5-25EEDF49E50B}.Release|Any CPU.Build.0 = Release|Any CPU
		{933830B8-141F-489F-BE22-898939DE5C0F}.Debug|Any CPU.ActiveCfg = Debug|Any CPU
		{933830B8-141F-489F-BE22-898939DE5C0F}.Debug|Any CPU.Build.0 = Debug|Any CPU
		{933830B8-141F-489F-BE22-898939DE5C0F}.Release|Any CPU.ActiveCfg = Release|Any CPU
		{933830B8-141F-489F-BE22-898939DE5C0F}.Release|Any CPU.Build.0 = Release|Any CPU
		{0DE039C7-C616-452B-B5FD-649324EDEE99}.Debug|Any CPU.ActiveCfg = Debug|Any CPU
		{0DE039C7-C616-452B-B5FD-649324EDEE99}.Debug|Any CPU.Build.0 = Debug|Any CPU
		{0DE039C7-C616-452B-B5FD-649324EDEE99}.Release|Any CPU.ActiveCfg = Release|Any CPU
		{0DE039C7-C616-452B-B5FD-649324EDEE99}.Release|Any CPU.Build.0 = Release|Any CPU
		{08021377-2196-496E-BCD8-1AD28711BDF6}.Debug|Any CPU.ActiveCfg = Debug|Any CPU
		{08021377-2196-496E-BCD8-1AD28711BDF6}.Debug|Any CPU.Build.0 = Debug|Any CPU
		{08021377-2196-496E-BCD8-1AD28711BDF6}.Release|Any CPU.ActiveCfg = Release|Any CPU
		{08021377-2196-496E-BCD8-1AD28711BDF6}.Release|Any CPU.Build.0 = Release|Any CPU
	EndGlobalSection
	GlobalSection(SolutionProperties) = preSolution
		HideSolutionNode = FALSE
	EndGlobalSection
	GlobalSection(ExtensibilityGlobals) = postSolution
		SolutionGuid = {D91D89C4-CBA3-4FDE-8FF8-BAF419D65386}
	EndGlobalSection
EndGlobal
